<?xml version="1.0" encoding="utf-8"?>
<Project ToolsVersion="4.0" xmlns="http://schemas.microsoft.com/developer/msbuild/2003">
  <ItemGroup>
    <Filter Include="Source Files">
      <UniqueIdentifier>{4FC737F1-C7A5-4376-A066-2A32D752A2FF}</UniqueIdentifier>
      <Extensions>cpp;c;cc;cxx;def;odl;idl;hpj;bat;asm;asmx</Extensions>
    </Filter>
    <Filter Include="Header Files">
      <UniqueIdentifier>{93995380-89BD-4b04-88EB-625FBE52EBFB}</UniqueIdentifier>
      <Extensions>h;hpp;hxx;hm;inl;inc;xsd</Extensions>
    </Filter>
    <Filter Include="Resource Files">
      <UniqueIdentifier>{67DA6AB6-F800-4c08-8B7A-83BB121AAD01}</UniqueIdentifier>
      <Extensions>rc;ico;cur;bmp;dlg;rc2;rct;bin;rgs;gif;jpg;jpeg;jpe;resx;tiff;tif;png;wav;mfcribbon-ms</Extensions>
    </Filter>
    <Filter Include="Resource Files\XML">
      <UniqueIdentifier>{9d22f08b-bc6b-461d-9df0-68f6503303a9}</UniqueIdentifier>
    </Filter>
    <Filter Include="Header Files\XML">
      <UniqueIdentifier>{85726da9-aa91-4189-9a0d-1f7cd4516703}</UniqueIdentifier>
    </Filter>
    <Filter Include="Source Files\XML">
      <UniqueIdentifier>{698fba18-be85-4c3b-9d45-898a191f9318}</UniqueIdentifier>
    </Filter>
  </ItemGroup>
  <ItemGroup>
    <ClInclude Include="BackgroundSubtractorLBSP.h">
      <Filter>Header Files</Filter>
    </ClInclude>
    <ClInclude Include="BackgroundSubtractorSuBSENSE.h">
      <Filter>Header Files</Filter>
    </ClInclude>
    <ClInclude Include="DistanceUtils.h">
      <Filter>Header Files</Filter>
    </ClInclude>
    <ClInclude Include="Input_source.h">
      <Filter>Header Files</Filter>
    </ClInclude>
    <ClInclude Include="LBSP.h">
      <Filter>Header Files</Filter>
    </ClInclude>
    <ClInclude Include="People_Features.h">
      <Filter>Header Files</Filter>
    </ClInclude>
    <ClInclude Include="RandUtils.h">
      <Filter>Header Files</Filter>
    </ClInclude>
    <ClInclude Include="XMLProcessing.h">
      <Filter>Header Files</Filter>
    </ClInclude>
    <ClInclude Include="XML\video.hxx">
      <Filter>Header Files\XML</Filter>
    </ClInclude>
  </ItemGroup>
  <ItemGroup>
    <ClCompile Include="BackgroundSubtractorLBSP.cpp">
      <Filter>Source Files</Filter>
    </ClCompile>
    <ClCompile Include="BackgroundSubtractorSuBSENSE.cpp">
      <Filter>Source Files</Filter>
    </ClCompile>
    <ClCompile Include="bgfg_segm.cpp">
      <Filter>Source Files</Filter>
    </ClCompile>
    <ClCompile Include="Input_source.cpp">
      <Filter>Source Files</Filter>
    </ClCompile>
    <ClCompile Include="LBSP.cpp">
      <Filter>Source Files</Filter>
    </ClCompile>
    <ClCompile Include="People_Features.cpp">
      <Filter>Source Files</Filter>
    </ClCompile>
    <ClCompile Include="XMLProcessing.cpp">
      <Filter>Source Files</Filter>
    </ClCompile>
    <ClCompile Include="XML\video.cxx">
      <Filter>Source Files\XML</Filter>
    </ClCompile>
  </ItemGroup>
  <ItemGroup>
    <None Include="XML\video.xml">
      <Filter>Resource Files\XML</Filter>
    </None>
  </ItemGroup>
  <ItemGroup>
    <CXX_Tree_Mapping_Rule Include="XML\video.xsd">
      <Filter>Resource Files\XML</Filter>
    </CXX_Tree_Mapping_Rule>
  </ItemGroup>
</Project>